
Microsoft Visual Studio Solution File, Format Version 12.00
# Visual Studio Version 17
VisualStudioVersion = 17.8.34511.84
MinimumVisualStudioVersion = 10.0.40219.1
Project("{FAE04EC0-301F-11D3-BF4B-00C04F79EFBC}") = "Esercizio-Persona", "Esercizio-Persona\Esercizio-Persona.csproj", "{AADE87DA-9CA7-43E5-BE39-24544D8C7720}"
EndProject
Global
	GlobalSection(SolutionConfigurationPlatforms) = preSolution
		Debug|Any CPU = Debug|Any CPU
		Release|Any CPU = Release|Any CPU
	EndGlobalSection
	GlobalSection(ProjectConfigurationPlatforms) = postSolution
		{AADE87DA-9CA7-43E5-BE39-24544D8C7720}.Debug|Any CPU.ActiveCfg = Debug|Any CPU
		{AADE87DA-9CA7-43E5-BE39-24544D8C7720}.Debug|Any CPU.Build.0 = Debug|Any CPU
		{AADE87DA-9CA7-43E5-BE39-24544D8C7720}.Release|Any CPU.ActiveCfg = Release|Any CPU
		{AADE87DA-9CA7-43E5-BE39-24544D8C7720}.Release|Any CPU.Build.0 = Release|Any CPU
	EndGlobalSection
	GlobalSection(SolutionProperties) = preSolution
		HideSolutionNode = FALSE
	EndGlobalSection
	GlobalSection(ExtensibilityGlobals) = postSolution
		SolutionGuid = {94EC5746-5CD2-4742-8967-8DAF5D9A3CFC}
	EndGlobalSection
EndGlobal
